// !$*UTF8*$!
{
	archiveVersion = 1;
	classes = {
	};
	objectVersion = 46;
	objects = {

/* Begin PBXBuildFile section */
		0E5C71C41CACF54B0014BDC3 /* openane.h in CopyFiles */ = {isa = PBXBuildFile; fileRef = 0E5C71C31CACF54B0014BDC3 /* openane.h */; };
		0E5C71C61CACF54B0014BDC3 /* openane.m in Sources */ = {isa = PBXBuildFile; fileRef = 0E5C71C51CACF54B0014BDC3 /* openane.m */; };
/* End PBXBuildFile section */

/* Begin PBXCopyFilesBuildPhase section */
		0E5C71BE1CACF54B0014BDC3 /* CopyFiles */ = {
			isa = PBXCopyFilesBuildPhase;
			buildActionMask = 2147483647;
			dstPath = "include/$(PRODUCT_NAME)";
			dstSubfolderSpec = 16;
			files = (
				0E5C71C41CACF54B0014BDC3 /* openane.h in CopyFiles */,
			);
			runOnlyForDeploymentPostprocessing = 0;
		};
/* End PBXCopyFilesBuildPhase section */

/* Begin PBXFileReference section */
		0E5C71C01CACF54B0014BDC3 /* libopenane.a */ = {isa = PBXFileReference; explicitFileType = archive.ar; includeInIndex = 0; path = libopenane.a; sourceTree = BUILT_PRODUCTS_DIR; };
		0E5C71C31CACF54B0014BDC3 /* openane.h */ = {isa = PBXFileReference; lastKnownFileType = sourcecode.c.h; path = openane.h; sourceTree = "<group>"; };
		0E5C71C51CACF54B0014BDC3 /* openane.m */ = {isa = PBXFileReference; lastKnownFileType = sourcecode.c.objc; path = openane.m; sourceTree = "<group>"; };
		0E5C71D41CACF7A40014BDC3 /* FlashRuntimeExtensions.h */ = {isa = PBXFileReference; lastKnownFileType = sourcecode.c.h; path = FlashRuntimeExtensions.h; sourceTree = "<group>"; };
/* End PBXFileReference section */

/* Begin PBXFrameworksBuildPhase section */
		0E5C71BD1CACF54B0014BDC3 /* Frameworks */ = {
			isa = PBXFrameworksBuildPhase;
			buildActionMask = 2147483647;
			files = (
			);
			runOnlyForDeploymentPostprocessing = 0;
		};
/* End PBXFrameworksBuildPhase section */

/* Begin PBXGroup section */
		0E5C71B71CACF54B0014BDC3 = {
			isa = PBXGroup;
			children = (
				0E5C71C21CACF54B0014BDC3 /* openane */,
				0E5C71C11CACF54B0014BDC3 /* Products */,
			);
			sourceTree = "<group>";
		};
		0E5C71C11CACF54B0014BDC3 /* Products */ = {
			isa = PBXGroup;
			children = (
				0E5C71C01CACF54B0014BDC3 /* libopenane.a */,
			);
			name = Products;
			sourceTree = "<group>";
		};
		0E5C71C21CACF54B0014BDC3 /* openane */ = {
			isa = PBXGroup;
			children = (
				0E5C71D41CACF7A40014BDC3 /* FlashRuntimeExtensions.h */,
				0E5C71C31CACF54B0014BDC3 /* openane.h */,
				0E5C71C51CACF54B0014BDC3 /* openane.m */,
			);
			path = openane;
			sourceTree = "<group>";
		};
/* End PBXGroup section */

/* Begin PBXNativeTarget section */
		0E5C71BF1CACF54B0014BDC3 /* openane */ = {
			isa = PBXNativeTarget;
			buildConfigurationList = 0E5C71C91CACF54B0014BDC3 /* Build configuration list for PBXNativeTarget "openane" */;
			buildPhases = (
				0E5C71BC1CACF54B0014BDC3 /* Sources */,
				0E5C71BD1CACF54B0014BDC3 /* Frameworks */,
				0E5C71BE1CACF54B0014BDC3 /* CopyFiles */,
			);
			buildRules = (
			);
			dependencies = (
			);
			name = openane;
			productName = openane;
			productReference = 0E5C71C01CACF54B0014BDC3 /* libopenane.a */;
			productType = "com.apple.product-type.library.static";
		};
/* End PBXNativeTarget section */

/* Begin PBXProject section */
		0E5C71B81CACF54B0014BDC3 /* Project object */ = {
			isa = PBXProject;
			attributes = {
				LastUpgradeCheck = 0730;
				ORGANIZATIONNAME = openane;
				TargetAttributes = {
					0E5C71BF1CACF54B0014BDC3 = {
						CreatedOnToolsVersion = 7.3;
					};
				};
			};
			buildConfigurationList = 0E5C71BB1CACF54B0014BDC3 /* Build configuration list for PBXProject "openane" */;
			compatibilityVersion = "Xcode 3.2";
			developmentRegion = English;
			hasScannedForEncodings = 0;
			knownRegions = (
				en,
			);
			mainGroup = 0E5C71B71CACF54B0014BDC3;
			productRefGroup = 0E5C71C11CACF54B0014BDC3 /* Products */;
			projectDirPath = "";
			projectRoot = "";
			targets = (
				0E5C71BF1CACF54B0014BDC3 /* openane */,
			);
		};
/* End PBXProject section */

/* Begin PBXSourcesBuildPhase section */
		0E5C71BC1CACF54B0014BDC3 /* Sources */ = {
			isa = PBXSourcesBuildPhase;
			buildActionMask = 2147483647;
			files = (
				0E5C71C61CACF54B0014BDC3 /* openane.m in Sources */,
			);
			runOnlyForDeploymentPostprocessing = 0;
		};
/* End PBXSourcesBuildPhase section */

/* Begin XCBuildConfiguration section */
		0E5C71C71CACF54B0014BDC3 /* Debug */ = {
			isa = XCBuildConfiguration;
			buildSettings = {
				ALWAYS_SEARCH_USER_PATHS = NO;
				CLANG_ANALYZER_NONNULL = YES;
				CLANG_CXX_LANGUAGE_STANDARD = "gnu++0x";
				CLANG_CXX_LIBRARY = "libc++";
				CLANG_ENABLE_MODULES = YES;
				CLANG_ENABLE_OBJC_ARC = YES;
				CLANG_WARN_BOOL_CONVERSION = YES;
				CLANG_WARN_CONSTANT_CONVERSION = YES;
				CLANG_WARN_DIRECT_OBJC_ISA_USAGE = YES_ERROR;
				CLANG_WARN_EMPTY_BODY = YES;
				CLANG_WARN_ENUM_CONVERSION = YES;
				CLANG_WARN_INT_CONVERSION = YES;
				CLANG_WARN_OBJC_ROOT_CLASS = YES_ERROR;
				CLANG_WARN_UNREACHABLE_CODE = YES;
				CLANG_WARN__DUPLICATE_METHOD_MATCH = YES;
				"CODE_SIGN_IDENTITY[sdk=iphoneos*]" = "iPhone Developer";
				COPY_PHASE_STRIP = NO;
				DEBUG_INFORMATION_FORMAT = dwarf;
				ENABLE_STRICT_OBJC_MSGSEND = YES;
				ENABLE_TESTABILITY = YES;
				GCC_C_LANGUAGE_STANDARD = gnu99;
				GCC_DYNAMIC_NO_PIC = NO;
				GCC_NO_COMMON_BLOCKS = YES;
				GCC_OPTIMIZATION_LEVEL = 0;
				GCC_PREPROCESSOR_DEFINITIONS = (
					"DEBUG=1",
					"$(inherited)",
				);
				GCC_WARN_64_TO_32_BIT_CONVERSION = YES;
				GCC_WARN_ABOUT_RETURN_TYPE = YES_ERROR;
				GCC_WARN_UNDECLARED_SELECTOR = YES;
				GCC_WARN_UNINITIALIZED_AUTOS = YES_AGGRESSIVE;
				GCC_WARN_UNUSED_FUNCTION = YES;
				GCC_WARN_UNUSED_VARIABLE = YES;
				IPHONEOS_DEPLOYMENT_TARGET = 6.0;
				MTL_ENABLE_DEBUG_INFO = YES;
				ONLY_ACTIVE_ARCH = YES;
				SDKROOT = iphoneos;
			};
			name = Debug;
		};
		0E5C71C81CACF54B0014BDC3 /* Release */ = {
			isa = XCBuildConfiguration;
			buildSettings = {
				ALWAYS_SEARCH_USER_PATHS = NO;
				CLANG_ANALYZER_NONNULL = YES;
				CLANG_CXX_LANGUAGE_STANDARD = "gnu++0x";
				CLANG_CXX_LIBRARY = "libc++";
				CLANG_ENABLE_MODULES = YES;
				CLANG_ENABLE_OBJC_ARC = YES;
				CLANG_WARN_BOOL_CONVERSION = YES;
				CLANG_WARN_CONSTANT_CONVERSION = YES;
				CLANG_WARN_DIRECT_OBJC_ISA_USAGE = YES_ERROR;
				CLANG_WARN_EMPTY_BODY = YES;
				CLANG_WARN_ENUM_CONVERSION = YES;
				CLANG_WARN_INT_CONVERSION = YES;
				CLANG_WARN_OBJC_ROOT_CLASS = YES_ERROR;
				CLANG_WARN_UNREACHABLE_CODE = YES;
				CLANG_WARN__DUPLICATE_METHOD_MATCH = YES;
				"CODE_SIGN_IDENTITY[sdk=iphoneos*]" = "iPhone Developer";
				COPY_PHASE_STRIP = NO;
				DEBUG_INFORMATION_FORMAT = "dwarf-with-dsym";
				ENABLE_NS_ASSERTIONS = NO;
				ENABLE_STRICT_OBJC_MSGSEND = YES;
				GCC_C_LANGUAGE_STANDARD = gnu99;
				GCC_NO_COMMON_BLOCKS = YES;
				GCC_WARN_64_TO_32_BIT_CONVERSION = YES;
				GCC_WARN_ABOUT_RETURN_TYPE = YES_ERROR;
				GCC_WARN_UNDECLARED_SELECTOR = YES;
				GCC_WARN_UNINITIALIZED_AUTOS = YES_AGGRESSIVE;
				GCC_WARN_UNUSED_FUNCTION = YES;
				GCC_WARN_UNUSED_VARIABLE = YES;
				IPHONEOS_DEPLOYMENT_TARGET = 6.0;
				MTL_ENABLE_DEBUG_INFO = NO;
				SDKROOT = iphoneos;
				VALIDATE_PRODUCT = YES;
			};
			name = Release;
		};
		0E5C71CA1CACF54B0014BDC3 /* Debug */ = {
			isa = XCBuildConfiguration;
			buildSettings = {
				OTHER_LDFLAGS = "-ObjC";
				PRODUCT_NAME = "$(TARGET_NAME)";
				SKIP_INSTALL = YES;
			};
			name = Debug;
		};
		0E5C71CB1CACF54B0014BDC3 /* Release */ = {
			isa = XCBuildConfiguration;
			buildSettings = {
				OTHER_LDFLAGS = "-ObjC";
				PRODUCT_NAME = "$(TARGET_NAME)";
				SKIP_INSTALL = YES;
			};
			name = Release;
		};
/* End XCBuildConfiguration section */

/* Begin XCConfigurationList section */
		0E5C71BB1CACF54B0014BDC3 /* Build configuration list for PBXProject "openane" */ = {
			isa = XCConfigurationList;
			buildConfigurations = (
				0E5C71C71CACF54B0014BDC3 /* Debug */,
				0E5C71C81CACF54B0014BDC3 /* Release */,
			);
			defaultConfigurationIsVisible = 0;
			defaultConfigurationName = Release;
		};
		0E5C71C91CACF54B0014BDC3 /* Build configuration list for PBXNativeTarget "openane" */ = {
			isa = XCConfigurationList;
			buildConfigurations = (
				0E5C71CA1CACF54B0014BDC3 /* Debug */,
				0E5C71CB1CACF54B0014BDC3 /* Release */,
			);
			defaultConfigurationIsVisible = 0;
			defaultConfigurationName = Release;
		};
/* End XCConfigurationList section */
	};
	rootObject = 0E5C71B81CACF54B0014BDC3 /* Project object */;
}
