// !$*UTF8*$!
{
	archiveVersion = 1;
	classes = {
	};
	objectVersion = 46;
	objects = {

/* Begin PBXBuildFile section */
		0E78A6AC1CB3B92800E9F30F /* openaneIAPStore.m in Sources */ = {isa = PBXBuildFile; fileRef = 0E78A6AB1CB3B92800E9F30F /* openaneIAPStore.m */; };
		0E78A6BD1CB3B99B00E9F30F /* StoreKit.framework in Frameworks */ = {isa = PBXBuildFile; fileRef = 0E78A6BC1CB3B99B00E9F30F /* StoreKit.framework */; };
/* End PBXBuildFile section */

/* Begin PBXContainerItemProxy section */
		0E6775871CBB906C009129DD /* PBXContainerItemProxy */ = {
			isa = PBXContainerItemProxy;
			containerPortal = 0E6775831CBB906C009129DD /* openane.xcodeproj */;
			proxyType = 2;
			remoteGlobalIDString = 0E5C71C01CACF54B0014BDC3;
			remoteInfo = openane;
		};
		0E6775891CBB9072009129DD /* PBXContainerItemProxy */ = {
			isa = PBXContainerItemProxy;
			containerPortal = 0E6775831CBB906C009129DD /* openane.xcodeproj */;
			proxyType = 1;
			remoteGlobalIDString = 0E5C71BF1CACF54B0014BDC3;
			remoteInfo = openane;
		};
/* End PBXContainerItemProxy section */

/* Begin PBXFileReference section */
		0E6775831CBB906C009129DD /* openane.xcodeproj */ = {isa = PBXFileReference; lastKnownFileType = "wrapper.pb-project"; name = openane.xcodeproj; path = "../../openane/openane-ios/openane.xcodeproj"; sourceTree = "<group>"; };
		0E78A6A61CB3B92800E9F30F /* libiapstore.a */ = {isa = PBXFileReference; explicitFileType = archive.ar; includeInIndex = 0; path = libiapstore.a; sourceTree = BUILT_PRODUCTS_DIR; };
		0E78A6A91CB3B92800E9F30F /* openaneIAPStore.h */ = {isa = PBXFileReference; lastKnownFileType = sourcecode.c.h; path = openaneIAPStore.h; sourceTree = "<group>"; };
		0E78A6AB1CB3B92800E9F30F /* openaneIAPStore.m */ = {isa = PBXFileReference; lastKnownFileType = sourcecode.c.objc; path = openaneIAPStore.m; sourceTree = "<group>"; };
		0E78A6BC1CB3B99B00E9F30F /* StoreKit.framework */ = {isa = PBXFileReference; lastKnownFileType = wrapper.framework; name = StoreKit.framework; path = System/Library/Frameworks/StoreKit.framework; sourceTree = SDKROOT; };
/* End PBXFileReference section */

/* Begin PBXFrameworksBuildPhase section */
		0E78A6A31CB3B92800E9F30F /* Frameworks */ = {
			isa = PBXFrameworksBuildPhase;
			buildActionMask = 2147483647;
			files = (
				0E78A6BD1CB3B99B00E9F30F /* StoreKit.framework in Frameworks */,
			);
			runOnlyForDeploymentPostprocessing = 0;
		};
/* End PBXFrameworksBuildPhase section */

/* Begin PBXGroup section */
		0E6775841CBB906C009129DD /* Products */ = {
			isa = PBXGroup;
			children = (
				0E6775881CBB906C009129DD /* libopenane.a */,
			);
			name = Products;
			sourceTree = "<group>";
		};
		0E78A69D1CB3B92700E9F30F = {
			isa = PBXGroup;
			children = (
				0E6775831CBB906C009129DD /* openane.xcodeproj */,
				0E78A6A81CB3B92800E9F30F /* iapstore-ios */,
				0E78A6BB1CB3B98900E9F30F /* Frameworks */,
				0E78A6A71CB3B92800E9F30F /* Products */,
			);
			sourceTree = "<group>";
		};
		0E78A6A71CB3B92800E9F30F /* Products */ = {
			isa = PBXGroup;
			children = (
				0E78A6A61CB3B92800E9F30F /* libiapstore.a */,
			);
			name = Products;
			sourceTree = "<group>";
		};
		0E78A6A81CB3B92800E9F30F /* iapstore-ios */ = {
			isa = PBXGroup;
			children = (
				0E78A6A91CB3B92800E9F30F /* openaneIAPStore.h */,
				0E78A6AB1CB3B92800E9F30F /* openaneIAPStore.m */,
			);
			path = "iapstore-ios";
			sourceTree = "<group>";
		};
		0E78A6BB1CB3B98900E9F30F /* Frameworks */ = {
			isa = PBXGroup;
			children = (
				0E78A6BC1CB3B99B00E9F30F /* StoreKit.framework */,
			);
			name = Frameworks;
			sourceTree = "<group>";
		};
/* End PBXGroup section */

/* Begin PBXNativeTarget section */
		0E78A6A51CB3B92800E9F30F /* iapstore */ = {
			isa = PBXNativeTarget;
			buildConfigurationList = 0E78A6AF1CB3B92800E9F30F /* Build configuration list for PBXNativeTarget "iapstore" */;
			buildPhases = (
				0E78A6A21CB3B92800E9F30F /* Sources */,
				0E78A6A31CB3B92800E9F30F /* Frameworks */,
				0E682B9E1CBB6D37009F2C60 /* ShellScript */,
			);
			buildRules = (
			);
			dependencies = (
				0E67758A1CBB9072009129DD /* PBXTargetDependency */,
			);
			name = iapstore;
			productName = "iapstore-ios";
			productReference = 0E78A6A61CB3B92800E9F30F /* libiapstore.a */;
			productType = "com.apple.product-type.library.static";
		};
/* End PBXNativeTarget section */

/* Begin PBXProject section */
		0E78A69E1CB3B92700E9F30F /* Project object */ = {
			isa = PBXProject;
			attributes = {
				LastUpgradeCheck = 0730;
				ORGANIZATIONNAME = openane;
				TargetAttributes = {
					0E78A6A51CB3B92800E9F30F = {
						CreatedOnToolsVersion = 7.3;
					};
				};
			};
			buildConfigurationList = 0E78A6A11CB3B92700E9F30F /* Build configuration list for PBXProject "iapstore-ios" */;
			compatibilityVersion = "Xcode 3.2";
			developmentRegion = English;
			hasScannedForEncodings = 0;
			knownRegions = (
				en,
			);
			mainGroup = 0E78A69D1CB3B92700E9F30F;
			productRefGroup = 0E78A6A71CB3B92800E9F30F /* Products */;
			projectDirPath = "";
			projectReferences = (
				{
					ProductGroup = 0E6775841CBB906C009129DD /* Products */;
					ProjectRef = 0E6775831CBB906C009129DD /* openane.xcodeproj */;
				},
			);
			projectRoot = "";
			targets = (
				0E78A6A51CB3B92800E9F30F /* iapstore */,
			);
		};
/* End PBXProject section */

/* Begin PBXReferenceProxy section */
		0E6775881CBB906C009129DD /* libopenane.a */ = {
			isa = PBXReferenceProxy;
			fileType = archive.ar;
			path = libopenane.a;
			remoteRef = 0E6775871CBB906C009129DD /* PBXContainerItemProxy */;
			sourceTree = BUILT_PRODUCTS_DIR;
		};
/* End PBXReferenceProxy section */

/* Begin PBXShellScriptBuildPhase section */
		0E682B9E1CBB6D37009F2C60 /* ShellScript */ = {
			isa = PBXShellScriptBuildPhase;
			buildActionMask = 2147483647;
			files = (
			);
			inputPaths = (
			);
			outputPaths = (
			);
			runOnlyForDeploymentPostprocessing = 0;
			shellPath = /bin/sh;
			shellScript = "echo \"copy libs:\"\ncp -rvf $BUILT_PRODUCTS_DIR/*.a $PROJECT_DIR/../${PROJECT_NAME/-ios/-ane}-packager/iPhone-ARM/";
		};
/* End PBXShellScriptBuildPhase section */

/* Begin PBXSourcesBuildPhase section */
		0E78A6A21CB3B92800E9F30F /* Sources */ = {
			isa = PBXSourcesBuildPhase;
			buildActionMask = 2147483647;
			files = (
				0E78A6AC1CB3B92800E9F30F /* openaneIAPStore.m in Sources */,
			);
			runOnlyForDeploymentPostprocessing = 0;
		};
/* End PBXSourcesBuildPhase section */

/* Begin PBXTargetDependency section */
		0E67758A1CBB9072009129DD /* PBXTargetDependency */ = {
			isa = PBXTargetDependency;
			name = openane;
			targetProxy = 0E6775891CBB9072009129DD /* PBXContainerItemProxy */;
		};
/* End PBXTargetDependency section */

/* Begin XCBuildConfiguration section */
		0E78A6AD1CB3B92800E9F30F /* Debug */ = {
			isa = XCBuildConfiguration;
			buildSettings = {
				ALWAYS_SEARCH_USER_PATHS = NO;
				CLANG_ANALYZER_NONNULL = YES;
				CLANG_CXX_LANGUAGE_STANDARD = "gnu++0x";
				CLANG_CXX_LIBRARY = "libc++";
				CLANG_ENABLE_MODULES = YES;
				CLANG_ENABLE_OBJC_ARC = YES;
				CLANG_WARN_BOOL_CONVERSION = YES;
				CLANG_WARN_CONSTANT_CONVERSION = YES;
				CLANG_WARN_DIRECT_OBJC_ISA_USAGE = YES_ERROR;
				CLANG_WARN_EMPTY_BODY = YES;
				CLANG_WARN_ENUM_CONVERSION = YES;
				CLANG_WARN_INT_CONVERSION = YES;
				CLANG_WARN_OBJC_ROOT_CLASS = YES_ERROR;
				CLANG_WARN_UNREACHABLE_CODE = YES;
				CLANG_WARN__DUPLICATE_METHOD_MATCH = YES;
				"CODE_SIGN_IDENTITY[sdk=iphoneos*]" = "iPhone Developer";
				COPY_PHASE_STRIP = NO;
				DEBUG_INFORMATION_FORMAT = dwarf;
				ENABLE_STRICT_OBJC_MSGSEND = YES;
				ENABLE_TESTABILITY = YES;
				GCC_C_LANGUAGE_STANDARD = gnu99;
				GCC_DYNAMIC_NO_PIC = NO;
				GCC_NO_COMMON_BLOCKS = YES;
				GCC_OPTIMIZATION_LEVEL = 0;
				GCC_PREPROCESSOR_DEFINITIONS = (
					"DEBUG=1",
					"$(inherited)",
				);
				GCC_WARN_64_TO_32_BIT_CONVERSION = YES;
				GCC_WARN_ABOUT_RETURN_TYPE = YES_ERROR;
				GCC_WARN_UNDECLARED_SELECTOR = YES;
				GCC_WARN_UNINITIALIZED_AUTOS = YES_AGGRESSIVE;
				GCC_WARN_UNUSED_FUNCTION = YES;
				GCC_WARN_UNUSED_VARIABLE = YES;
				IPHONEOS_DEPLOYMENT_TARGET = 6.0;
				MTL_ENABLE_DEBUG_INFO = YES;
				ONLY_ACTIVE_ARCH = YES;
				SDKROOT = iphoneos;
			};
			name = Debug;
		};
		0E78A6AE1CB3B92800E9F30F /* Release */ = {
			isa = XCBuildConfiguration;
			buildSettings = {
				ALWAYS_SEARCH_USER_PATHS = NO;
				CLANG_ANALYZER_NONNULL = YES;
				CLANG_CXX_LANGUAGE_STANDARD = "gnu++0x";
				CLANG_CXX_LIBRARY = "libc++";
				CLANG_ENABLE_MODULES = YES;
				CLANG_ENABLE_OBJC_ARC = YES;
				CLANG_WARN_BOOL_CONVERSION = YES;
				CLANG_WARN_CONSTANT_CONVERSION = YES;
				CLANG_WARN_DIRECT_OBJC_ISA_USAGE = YES_ERROR;
				CLANG_WARN_EMPTY_BODY = YES;
				CLANG_WARN_ENUM_CONVERSION = YES;
				CLANG_WARN_INT_CONVERSION = YES;
				CLANG_WARN_OBJC_ROOT_CLASS = YES_ERROR;
				CLANG_WARN_UNREACHABLE_CODE = YES;
				CLANG_WARN__DUPLICATE_METHOD_MATCH = YES;
				"CODE_SIGN_IDENTITY[sdk=iphoneos*]" = "iPhone Developer";
				COPY_PHASE_STRIP = NO;
				DEBUG_INFORMATION_FORMAT = "dwarf-with-dsym";
				ENABLE_NS_ASSERTIONS = NO;
				ENABLE_STRICT_OBJC_MSGSEND = YES;
				GCC_C_LANGUAGE_STANDARD = gnu99;
				GCC_NO_COMMON_BLOCKS = YES;
				GCC_WARN_64_TO_32_BIT_CONVERSION = YES;
				GCC_WARN_ABOUT_RETURN_TYPE = YES_ERROR;
				GCC_WARN_UNDECLARED_SELECTOR = YES;
				GCC_WARN_UNINITIALIZED_AUTOS = YES_AGGRESSIVE;
				GCC_WARN_UNUSED_FUNCTION = YES;
				GCC_WARN_UNUSED_VARIABLE = YES;
				IPHONEOS_DEPLOYMENT_TARGET = 6.0;
				MTL_ENABLE_DEBUG_INFO = NO;
				SDKROOT = iphoneos;
				VALIDATE_PRODUCT = YES;
			};
			name = Release;
		};
		0E78A6B01CB3B92800E9F30F /* Debug */ = {
			isa = XCBuildConfiguration;
			buildSettings = {
				HEADER_SEARCH_PATHS = "../../openane/openane-ios/openane";
				OTHER_LDFLAGS = "-ObjC";
				PRODUCT_NAME = "$(TARGET_NAME)";
				SKIP_INSTALL = YES;
			};
			name = Debug;
		};
		0E78A6B11CB3B92800E9F30F /* Release */ = {
			isa = XCBuildConfiguration;
			buildSettings = {
				HEADER_SEARCH_PATHS = "../../openane/openane-ios/openane";
				OTHER_LDFLAGS = "-ObjC";
				PRODUCT_NAME = "$(TARGET_NAME)";
				SKIP_INSTALL = YES;
			};
			name = Release;
		};
/* End XCBuildConfiguration section */

/* Begin XCConfigurationList section */
		0E78A6A11CB3B92700E9F30F /* Build configuration list for PBXProject "iapstore-ios" */ = {
			isa = XCConfigurationList;
			buildConfigurations = (
				0E78A6AD1CB3B92800E9F30F /* Debug */,
				0E78A6AE1CB3B92800E9F30F /* Release */,
			);
			defaultConfigurationIsVisible = 0;
			defaultConfigurationName = Release;
		};
		0E78A6AF1CB3B92800E9F30F /* Build configuration list for PBXNativeTarget "iapstore" */ = {
			isa = XCConfigurationList;
			buildConfigurations = (
				0E78A6B01CB3B92800E9F30F /* Debug */,
				0E78A6B11CB3B92800E9F30F /* Release */,
			);
			defaultConfigurationIsVisible = 0;
			defaultConfigurationName = Release;
		};
/* End XCConfigurationList section */
	};
	rootObject = 0E78A69E1CB3B92700E9F30F /* Project object */;
}
