// !$*UTF8*$!
{
	archiveVersion = 1;
	classes = {
	};
	objectVersion = 46;
	objects = {

/* Begin PBXBuildFile section */
		0E5C71621CAA791B0014BDC3 /* base64.m in Sources */ = {isa = PBXBuildFile; fileRef = 0E5C71521CAA791B0014BDC3 /* base64.m */; };
		0E5C71631CAA791B0014BDC3 /* DataSigner.m in Sources */ = {isa = PBXBuildFile; fileRef = 0E5C71551CAA791B0014BDC3 /* DataSigner.m */; };
		0E5C71641CAA791B0014BDC3 /* DataVerifier.m in Sources */ = {isa = PBXBuildFile; fileRef = 0E5C71571CAA791B0014BDC3 /* DataVerifier.m */; };
		0E5C71651CAA791B0014BDC3 /* MD5DataSigner.m in Sources */ = {isa = PBXBuildFile; fileRef = 0E5C71591CAA791B0014BDC3 /* MD5DataSigner.m */; };
		0E5C71661CAA791B0014BDC3 /* NSDataEx.m in Sources */ = {isa = PBXBuildFile; fileRef = 0E5C715B1CAA791B0014BDC3 /* NSDataEx.m */; };
		0E5C71671CAA791B0014BDC3 /* openssl_wrapper.m in Sources */ = {isa = PBXBuildFile; fileRef = 0E5C715D1CAA791B0014BDC3 /* openssl_wrapper.m */; };
		0E5C71681CAA791B0014BDC3 /* RSADataSigner.m in Sources */ = {isa = PBXBuildFile; fileRef = 0E5C715F1CAA791B0014BDC3 /* RSADataSigner.m */; };
		0E5C71691CAA791B0014BDC3 /* RSADataVerifier.m in Sources */ = {isa = PBXBuildFile; fileRef = 0E5C71611CAA791B0014BDC3 /* RSADataVerifier.m */; };
		0E962CF01CA8172E00EF3A30 /* openaneAlipay.m in Sources */ = {isa = PBXBuildFile; fileRef = 0E962CEF1CA8172E00EF3A30 /* openaneAlipay.m */; };
		0EAA224C1CAA0ECC0095CE9A /* AlipaySDK.framework in Frameworks */ = {isa = PBXBuildFile; fileRef = 0EAA224B1CAA0ECC0095CE9A /* AlipaySDK.framework */; };
		0EAA22521CAA10000095CE9A /* libcrypto.a in Frameworks */ = {isa = PBXBuildFile; fileRef = 0EAA22501CAA10000095CE9A /* libcrypto.a */; };
		0EAA22531CAA10000095CE9A /* libssl.a in Frameworks */ = {isa = PBXBuildFile; fileRef = 0EAA22511CAA10000095CE9A /* libssl.a */; };
		0EAA22591CAA10440095CE9A /* CoreMotion.framework in Frameworks */ = {isa = PBXBuildFile; fileRef = 0EAA22581CAA10440095CE9A /* CoreMotion.framework */; };
		0EAA225F1CAA105A0095CE9A /* CoreTelephony.framework in Frameworks */ = {isa = PBXBuildFile; fileRef = 0EAA225E1CAA105A0095CE9A /* CoreTelephony.framework */; };
/* End PBXBuildFile section */

/* Begin PBXContainerItemProxy section */
		0E6775761CBB8FE5009129DD /* PBXContainerItemProxy */ = {
			isa = PBXContainerItemProxy;
			containerPortal = 0E6775721CBB8FE5009129DD /* openane.xcodeproj */;
			proxyType = 2;
			remoteGlobalIDString = 0E5C71C01CACF54B0014BDC3;
			remoteInfo = openane;
		};
		0E6775791CBB9009009129DD /* PBXContainerItemProxy */ = {
			isa = PBXContainerItemProxy;
			containerPortal = 0E6775721CBB8FE5009129DD /* openane.xcodeproj */;
			proxyType = 1;
			remoteGlobalIDString = 0E5C71BF1CACF54B0014BDC3;
			remoteInfo = openane;
		};
/* End PBXContainerItemProxy section */

/* Begin PBXFileReference section */
		0E5C71051CAA791B0014BDC3 /* aes.h */ = {isa = PBXFileReference; fileEncoding = 4; lastKnownFileType = sourcecode.c.h; path = aes.h; sourceTree = "<group>"; };
		0E5C71061CAA791B0014BDC3 /* asn1.h */ = {isa = PBXFileReference; fileEncoding = 4; lastKnownFileType = sourcecode.c.h; path = asn1.h; sourceTree = "<group>"; };
		0E5C71071CAA791B0014BDC3 /* asn1_mac.h */ = {isa = PBXFileReference; fileEncoding = 4; lastKnownFileType = sourcecode.c.h; path = asn1_mac.h; sourceTree = "<group>"; };
		0E5C71081CAA791B0014BDC3 /* asn1t.h */ = {isa = PBXFileReference; fileEncoding = 4; lastKnownFileType = sourcecode.c.h; path = asn1t.h; sourceTree = "<group>"; };
		0E5C71091CAA791B0014BDC3 /* bio.h */ = {isa = PBXFileReference; fileEncoding = 4; lastKnownFileType = sourcecode.c.h; path = bio.h; sourceTree = "<group>"; };
		0E5C710A1CAA791B0014BDC3 /* blowfish.h */ = {isa = PBXFileReference; fileEncoding = 4; lastKnownFileType = sourcecode.c.h; path = blowfish.h; sourceTree = "<group>"; };
		0E5C710B1CAA791B0014BDC3 /* bn.h */ = {isa = PBXFileReference; fileEncoding = 4; lastKnownFileType = sourcecode.c.h; path = bn.h; sourceTree = "<group>"; };
		0E5C710C1CAA791B0014BDC3 /* buffer.h */ = {isa = PBXFileReference; fileEncoding = 4; lastKnownFileType = sourcecode.c.h; path = buffer.h; sourceTree = "<group>"; };
		0E5C710D1CAA791B0014BDC3 /* camellia.h */ = {isa = PBXFileReference; fileEncoding = 4; lastKnownFileType = sourcecode.c.h; path = camellia.h; sourceTree = "<group>"; };
		0E5C710E1CAA791B0014BDC3 /* cast.h */ = {isa = PBXFileReference; fileEncoding = 4; lastKnownFileType = sourcecode.c.h; path = cast.h; sourceTree = "<group>"; };
		0E5C710F1CAA791B0014BDC3 /* cmac.h */ = {isa = PBXFileReference; fileEncoding = 4; lastKnownFileType = sourcecode.c.h; path = cmac.h; sourceTree = "<group>"; };
		0E5C71101CAA791B0014BDC3 /* cms.h */ = {isa = PBXFileReference; fileEncoding = 4; lastKnownFileType = sourcecode.c.h; path = cms.h; sourceTree = "<group>"; };
		0E5C71111CAA791B0014BDC3 /* comp.h */ = {isa = PBXFileReference; fileEncoding = 4; lastKnownFileType = sourcecode.c.h; path = comp.h; sourceTree = "<group>"; };
		0E5C71121CAA791B0014BDC3 /* conf.h */ = {isa = PBXFileReference; fileEncoding = 4; lastKnownFileType = sourcecode.c.h; path = conf.h; sourceTree = "<group>"; };
		0E5C71131CAA791B0014BDC3 /* conf_api.h */ = {isa = PBXFileReference; fileEncoding = 4; lastKnownFileType = sourcecode.c.h; path = conf_api.h; sourceTree = "<group>"; };
		0E5C71141CAA791B0014BDC3 /* crypto.h */ = {isa = PBXFileReference; fileEncoding = 4; lastKnownFileType = sourcecode.c.h; path = crypto.h; sourceTree = "<group>"; };
		0E5C71151CAA791B0014BDC3 /* des.h */ = {isa = PBXFileReference; fileEncoding = 4; lastKnownFileType = sourcecode.c.h; path = des.h; sourceTree = "<group>"; };
		0E5C71161CAA791B0014BDC3 /* des_old.h */ = {isa = PBXFileReference; fileEncoding = 4; lastKnownFileType = sourcecode.c.h; path = des_old.h; sourceTree = "<group>"; };
		0E5C71171CAA791B0014BDC3 /* dh.h */ = {isa = PBXFileReference; fileEncoding = 4; lastKnownFileType = sourcecode.c.h; path = dh.h; sourceTree = "<group>"; };
		0E5C71181CAA791B0014BDC3 /* dsa.h */ = {isa = PBXFileReference; fileEncoding = 4; lastKnownFileType = sourcecode.c.h; path = dsa.h; sourceTree = "<group>"; };
		0E5C71191CAA791B0014BDC3 /* dso.h */ = {isa = PBXFileReference; fileEncoding = 4; lastKnownFileType = sourcecode.c.h; path = dso.h; sourceTree = "<group>"; };
		0E5C711A1CAA791B0014BDC3 /* dtls1.h */ = {isa = PBXFileReference; fileEncoding = 4; lastKnownFileType = sourcecode.c.h; path = dtls1.h; sourceTree = "<group>"; };
		0E5C711B1CAA791B0014BDC3 /* e_os2.h */ = {isa = PBXFileReference; fileEncoding = 4; lastKnownFileType = sourcecode.c.h; path = e_os2.h; sourceTree = "<group>"; };
		0E5C711C1CAA791B0014BDC3 /* ebcdic.h */ = {isa = PBXFileReference; fileEncoding = 4; lastKnownFileType = sourcecode.c.h; path = ebcdic.h; sourceTree = "<group>"; };
		0E5C711D1CAA791B0014BDC3 /* ec.h */ = {isa = PBXFileReference; fileEncoding = 4; lastKnownFileType = sourcecode.c.h; path = ec.h; sourceTree = "<group>"; };
		0E5C711E1CAA791B0014BDC3 /* ecdh.h */ = {isa = PBXFileReference; fileEncoding = 4; lastKnownFileType = sourcecode.c.h; path = ecdh.h; sourceTree = "<group>"; };
		0E5C711F1CAA791B0014BDC3 /* ecdsa.h */ = {isa = PBXFileReference; fileEncoding = 4; lastKnownFileType = sourcecode.c.h; path = ecdsa.h; sourceTree = "<group>"; };
		0E5C71201CAA791B0014BDC3 /* engine.h */ = {isa = PBXFileReference; fileEncoding = 4; lastKnownFileType = sourcecode.c.h; path = engine.h; sourceTree = "<group>"; };
		0E5C71211CAA791B0014BDC3 /* err.h */ = {isa = PBXFileReference; fileEncoding = 4; lastKnownFileType = sourcecode.c.h; path = err.h; sourceTree = "<group>"; };
		0E5C71221CAA791B0014BDC3 /* evp.h */ = {isa = PBXFileReference; fileEncoding = 4; lastKnownFileType = sourcecode.c.h; path = evp.h; sourceTree = "<group>"; };
		0E5C71231CAA791B0014BDC3 /* hmac.h */ = {isa = PBXFileReference; fileEncoding = 4; lastKnownFileType = sourcecode.c.h; path = hmac.h; sourceTree = "<group>"; };
		0E5C71241CAA791B0014BDC3 /* idea.h */ = {isa = PBXFileReference; fileEncoding = 4; lastKnownFileType = sourcecode.c.h; path = idea.h; sourceTree = "<group>"; };
		0E5C71251CAA791B0014BDC3 /* krb5_asn.h */ = {isa = PBXFileReference; fileEncoding = 4; lastKnownFileType = sourcecode.c.h; path = krb5_asn.h; sourceTree = "<group>"; };
		0E5C71261CAA791B0014BDC3 /* kssl.h */ = {isa = PBXFileReference; fileEncoding = 4; lastKnownFileType = sourcecode.c.h; path = kssl.h; sourceTree = "<group>"; };
		0E5C71271CAA791B0014BDC3 /* lhash.h */ = {isa = PBXFileReference; fileEncoding = 4; lastKnownFileType = sourcecode.c.h; path = lhash.h; sourceTree = "<group>"; };
		0E5C71281CAA791B0014BDC3 /* md4.h */ = {isa = PBXFileReference; fileEncoding = 4; lastKnownFileType = sourcecode.c.h; path = md4.h; sourceTree = "<group>"; };
		0E5C71291CAA791B0014BDC3 /* md5.h */ = {isa = PBXFileReference; fileEncoding = 4; lastKnownFileType = sourcecode.c.h; path = md5.h; sourceTree = "<group>"; };
		0E5C712A1CAA791B0014BDC3 /* mdc2.h */ = {isa = PBXFileReference; fileEncoding = 4; lastKnownFileType = sourcecode.c.h; path = mdc2.h; sourceTree = "<group>"; };
		0E5C712B1CAA791B0014BDC3 /* modes.h */ = {isa = PBXFileReference; fileEncoding = 4; lastKnownFileType = sourcecode.c.h; path = modes.h; sourceTree = "<group>"; };
		0E5C712C1CAA791B0014BDC3 /* obj_mac.h */ = {isa = PBXFileReference; fileEncoding = 4; lastKnownFileType = sourcecode.c.h; path = obj_mac.h; sourceTree = "<group>"; };
		0E5C712D1CAA791B0014BDC3 /* objects.h */ = {isa = PBXFileReference; fileEncoding = 4; lastKnownFileType = sourcecode.c.h; path = objects.h; sourceTree = "<group>"; };
		0E5C712E1CAA791B0014BDC3 /* ocsp.h */ = {isa = PBXFileReference; fileEncoding = 4; lastKnownFileType = sourcecode.c.h; path = ocsp.h; sourceTree = "<group>"; };
		0E5C712F1CAA791B0014BDC3 /* opensslconf.h */ = {isa = PBXFileReference; fileEncoding = 4; lastKnownFileType = sourcecode.c.h; path = opensslconf.h; sourceTree = "<group>"; };
		0E5C71301CAA791B0014BDC3 /* opensslv.h */ = {isa = PBXFileReference; fileEncoding = 4; lastKnownFileType = sourcecode.c.h; path = opensslv.h; sourceTree = "<group>"; };
		0E5C71311CAA791B0014BDC3 /* ossl_typ.h */ = {isa = PBXFileReference; fileEncoding = 4; lastKnownFileType = sourcecode.c.h; path = ossl_typ.h; sourceTree = "<group>"; };
		0E5C71321CAA791B0014BDC3 /* pem.h */ = {isa = PBXFileReference; fileEncoding = 4; lastKnownFileType = sourcecode.c.h; path = pem.h; sourceTree = "<group>"; };
		0E5C71331CAA791B0014BDC3 /* pem2.h */ = {isa = PBXFileReference; fileEncoding = 4; lastKnownFileType = sourcecode.c.h; path = pem2.h; sourceTree = "<group>"; };
		0E5C71341CAA791B0014BDC3 /* pkcs12.h */ = {isa = PBXFileReference; fileEncoding = 4; lastKnownFileType = sourcecode.c.h; path = pkcs12.h; sourceTree = "<group>"; };
		0E5C71351CAA791B0014BDC3 /* pkcs7.h */ = {isa = PBXFileReference; fileEncoding = 4; lastKnownFileType = sourcecode.c.h; path = pkcs7.h; sourceTree = "<group>"; };
		0E5C71361CAA791B0014BDC3 /* pqueue.h */ = {isa = PBXFileReference; fileEncoding = 4; lastKnownFileType = sourcecode.c.h; path = pqueue.h; sourceTree = "<group>"; };
		0E5C71371CAA791B0014BDC3 /* rand.h */ = {isa = PBXFileReference; fileEncoding = 4; lastKnownFileType = sourcecode.c.h; path = rand.h; sourceTree = "<group>"; };
		0E5C71381CAA791B0014BDC3 /* rc2.h */ = {isa = PBXFileReference; fileEncoding = 4; lastKnownFileType = sourcecode.c.h; path = rc2.h; sourceTree = "<group>"; };
		0E5C71391CAA791B0014BDC3 /* rc4.h */ = {isa = PBXFileReference; fileEncoding = 4; lastKnownFileType = sourcecode.c.h; path = rc4.h; sourceTree = "<group>"; };
		0E5C713A1CAA791B0014BDC3 /* ripemd.h */ = {isa = PBXFileReference; fileEncoding = 4; lastKnownFileType = sourcecode.c.h; path = ripemd.h; sourceTree = "<group>"; };
		0E5C713B1CAA791B0014BDC3 /* rsa.h */ = {isa = PBXFileReference; fileEncoding = 4; lastKnownFileType = sourcecode.c.h; path = rsa.h; sourceTree = "<group>"; };
		0E5C713C1CAA791B0014BDC3 /* safestack.h */ = {isa = PBXFileReference; fileEncoding = 4; lastKnownFileType = sourcecode.c.h; path = safestack.h; sourceTree = "<group>"; };
		0E5C713D1CAA791B0014BDC3 /* seed.h */ = {isa = PBXFileReference; fileEncoding = 4; lastKnownFileType = sourcecode.c.h; path = seed.h; sourceTree = "<group>"; };
		0E5C713E1CAA791B0014BDC3 /* sha.h */ = {isa = PBXFileReference; fileEncoding = 4; lastKnownFileType = sourcecode.c.h; path = sha.h; sourceTree = "<group>"; };
		0E5C713F1CAA791B0014BDC3 /* srp.h */ = {isa = PBXFileReference; fileEncoding = 4; lastKnownFileType = sourcecode.c.h; path = srp.h; sourceTree = "<group>"; };
		0E5C71401CAA791B0014BDC3 /* srtp.h */ = {isa = PBXFileReference; fileEncoding = 4; lastKnownFileType = sourcecode.c.h; path = srtp.h; sourceTree = "<group>"; };
		0E5C71411CAA791B0014BDC3 /* ssl.h */ = {isa = PBXFileReference; fileEncoding = 4; lastKnownFileType = sourcecode.c.h; path = ssl.h; sourceTree = "<group>"; };
		0E5C71421CAA791B0014BDC3 /* ssl2.h */ = {isa = PBXFileReference; fileEncoding = 4; lastKnownFileType = sourcecode.c.h; path = ssl2.h; sourceTree = "<group>"; };
		0E5C71431CAA791B0014BDC3 /* ssl23.h */ = {isa = PBXFileReference; fileEncoding = 4; lastKnownFileType = sourcecode.c.h; path = ssl23.h; sourceTree = "<group>"; };
		0E5C71441CAA791B0014BDC3 /* ssl3.h */ = {isa = PBXFileReference; fileEncoding = 4; lastKnownFileType = sourcecode.c.h; path = ssl3.h; sourceTree = "<group>"; };
		0E5C71451CAA791B0014BDC3 /* stack.h */ = {isa = PBXFileReference; fileEncoding = 4; lastKnownFileType = sourcecode.c.h; path = stack.h; sourceTree = "<group>"; };
		0E5C71461CAA791B0014BDC3 /* symhacks.h */ = {isa = PBXFileReference; fileEncoding = 4; lastKnownFileType = sourcecode.c.h; path = symhacks.h; sourceTree = "<group>"; };
		0E5C71471CAA791B0014BDC3 /* tls1.h */ = {isa = PBXFileReference; fileEncoding = 4; lastKnownFileType = sourcecode.c.h; path = tls1.h; sourceTree = "<group>"; };
		0E5C71481CAA791B0014BDC3 /* ts.h */ = {isa = PBXFileReference; fileEncoding = 4; lastKnownFileType = sourcecode.c.h; path = ts.h; sourceTree = "<group>"; };
		0E5C71491CAA791B0014BDC3 /* txt_db.h */ = {isa = PBXFileReference; fileEncoding = 4; lastKnownFileType = sourcecode.c.h; path = txt_db.h; sourceTree = "<group>"; };
		0E5C714A1CAA791B0014BDC3 /* ui.h */ = {isa = PBXFileReference; fileEncoding = 4; lastKnownFileType = sourcecode.c.h; path = ui.h; sourceTree = "<group>"; };
		0E5C714B1CAA791B0014BDC3 /* ui_compat.h */ = {isa = PBXFileReference; fileEncoding = 4; lastKnownFileType = sourcecode.c.h; path = ui_compat.h; sourceTree = "<group>"; };
		0E5C714C1CAA791B0014BDC3 /* whrlpool.h */ = {isa = PBXFileReference; fileEncoding = 4; lastKnownFileType = sourcecode.c.h; path = whrlpool.h; sourceTree = "<group>"; };
		0E5C714D1CAA791B0014BDC3 /* x509.h */ = {isa = PBXFileReference; fileEncoding = 4; lastKnownFileType = sourcecode.c.h; path = x509.h; sourceTree = "<group>"; };
		0E5C714E1CAA791B0014BDC3 /* x509_vfy.h */ = {isa = PBXFileReference; fileEncoding = 4; lastKnownFileType = sourcecode.c.h; path = x509_vfy.h; sourceTree = "<group>"; };
		0E5C714F1CAA791B0014BDC3 /* x509v3.h */ = {isa = PBXFileReference; fileEncoding = 4; lastKnownFileType = sourcecode.c.h; path = x509v3.h; sourceTree = "<group>"; };
		0E5C71511CAA791B0014BDC3 /* base64.h */ = {isa = PBXFileReference; fileEncoding = 4; lastKnownFileType = sourcecode.c.h; path = base64.h; sourceTree = "<group>"; };
		0E5C71521CAA791B0014BDC3 /* base64.m */ = {isa = PBXFileReference; fileEncoding = 4; lastKnownFileType = sourcecode.c.objc; path = base64.m; sourceTree = "<group>"; };
		0E5C71531CAA791B0014BDC3 /* config.h */ = {isa = PBXFileReference; fileEncoding = 4; lastKnownFileType = sourcecode.c.h; path = config.h; sourceTree = "<group>"; };
		0E5C71541CAA791B0014BDC3 /* DataSigner.h */ = {isa = PBXFileReference; fileEncoding = 4; lastKnownFileType = sourcecode.c.h; path = DataSigner.h; sourceTree = "<group>"; };
		0E5C71551CAA791B0014BDC3 /* DataSigner.m */ = {isa = PBXFileReference; fileEncoding = 4; lastKnownFileType = sourcecode.c.objc; path = DataSigner.m; sourceTree = "<group>"; };
		0E5C71561CAA791B0014BDC3 /* DataVerifier.h */ = {isa = PBXFileReference; fileEncoding = 4; lastKnownFileType = sourcecode.c.h; path = DataVerifier.h; sourceTree = "<group>"; };
		0E5C71571CAA791B0014BDC3 /* DataVerifier.m */ = {isa = PBXFileReference; fileEncoding = 4; lastKnownFileType = sourcecode.c.objc; path = DataVerifier.m; sourceTree = "<group>"; };
		0E5C71581CAA791B0014BDC3 /* MD5DataSigner.h */ = {isa = PBXFileReference; fileEncoding = 4; lastKnownFileType = sourcecode.c.h; path = MD5DataSigner.h; sourceTree = "<group>"; };
		0E5C71591CAA791B0014BDC3 /* MD5DataSigner.m */ = {isa = PBXFileReference; fileEncoding = 4; lastKnownFileType = sourcecode.c.objc; path = MD5DataSigner.m; sourceTree = "<group>"; };
		0E5C715A1CAA791B0014BDC3 /* NSDataEx.h */ = {isa = PBXFileReference; fileEncoding = 4; lastKnownFileType = sourcecode.c.h; path = NSDataEx.h; sourceTree = "<group>"; };
		0E5C715B1CAA791B0014BDC3 /* NSDataEx.m */ = {isa = PBXFileReference; fileEncoding = 4; lastKnownFileType = sourcecode.c.objc; path = NSDataEx.m; sourceTree = "<group>"; };
		0E5C715C1CAA791B0014BDC3 /* openssl_wrapper.h */ = {isa = PBXFileReference; fileEncoding = 4; lastKnownFileType = sourcecode.c.h; path = openssl_wrapper.h; sourceTree = "<group>"; };
		0E5C715D1CAA791B0014BDC3 /* openssl_wrapper.m */ = {isa = PBXFileReference; fileEncoding = 4; lastKnownFileType = sourcecode.c.objc; path = openssl_wrapper.m; sourceTree = "<group>"; };
		0E5C715E1CAA791B0014BDC3 /* RSADataSigner.h */ = {isa = PBXFileReference; fileEncoding = 4; lastKnownFileType = sourcecode.c.h; path = RSADataSigner.h; sourceTree = "<group>"; };
		0E5C715F1CAA791B0014BDC3 /* RSADataSigner.m */ = {isa = PBXFileReference; fileEncoding = 4; lastKnownFileType = sourcecode.c.objc; path = RSADataSigner.m; sourceTree = "<group>"; };
		0E5C71601CAA791B0014BDC3 /* RSADataVerifier.h */ = {isa = PBXFileReference; fileEncoding = 4; lastKnownFileType = sourcecode.c.h; path = RSADataVerifier.h; sourceTree = "<group>"; };
		0E5C71611CAA791B0014BDC3 /* RSADataVerifier.m */ = {isa = PBXFileReference; fileEncoding = 4; lastKnownFileType = sourcecode.c.objc; path = RSADataVerifier.m; sourceTree = "<group>"; };
		0E6775721CBB8FE5009129DD /* openane.xcodeproj */ = {isa = PBXFileReference; lastKnownFileType = "wrapper.pb-project"; name = openane.xcodeproj; path = "../../openane/openane-ios/openane.xcodeproj"; sourceTree = "<group>"; };
		0E962CEA1CA8172D00EF3A30 /* libalipay.a */ = {isa = PBXFileReference; explicitFileType = archive.ar; includeInIndex = 0; path = libalipay.a; sourceTree = BUILT_PRODUCTS_DIR; };
		0E962CED1CA8172E00EF3A30 /* openaneAlipay.h */ = {isa = PBXFileReference; lastKnownFileType = sourcecode.c.h; path = openaneAlipay.h; sourceTree = "<group>"; };
		0E962CEF1CA8172E00EF3A30 /* openaneAlipay.m */ = {isa = PBXFileReference; lastKnownFileType = sourcecode.c.objc; path = openaneAlipay.m; sourceTree = "<group>"; };
		0EAA224A1CAA0ECC0095CE9A /* AlipaySDK.bundle */ = {isa = PBXFileReference; lastKnownFileType = "wrapper.plug-in"; path = AlipaySDK.bundle; sourceTree = "<group>"; };
		0EAA224B1CAA0ECC0095CE9A /* AlipaySDK.framework */ = {isa = PBXFileReference; lastKnownFileType = wrapper.framework; path = AlipaySDK.framework; sourceTree = "<group>"; };
		0EAA22501CAA10000095CE9A /* libcrypto.a */ = {isa = PBXFileReference; lastKnownFileType = archive.ar; path = libcrypto.a; sourceTree = "<group>"; };
		0EAA22511CAA10000095CE9A /* libssl.a */ = {isa = PBXFileReference; lastKnownFileType = archive.ar; path = libssl.a; sourceTree = "<group>"; };
		0EAA22541CAA102A0095CE9A /* libz.tbd */ = {isa = PBXFileReference; lastKnownFileType = "sourcecode.text-based-dylib-definition"; name = libz.tbd; path = usr/lib/libz.tbd; sourceTree = SDKROOT; };
		0EAA22561CAA10330095CE9A /* libc++.tbd */ = {isa = PBXFileReference; lastKnownFileType = "sourcecode.text-based-dylib-definition"; name = "libc++.tbd"; path = "usr/lib/libc++.tbd"; sourceTree = SDKROOT; };
		0EAA22581CAA10440095CE9A /* CoreMotion.framework */ = {isa = PBXFileReference; lastKnownFileType = wrapper.framework; name = CoreMotion.framework; path = System/Library/Frameworks/CoreMotion.framework; sourceTree = SDKROOT; };
		0EAA225A1CAA10490095CE9A /* CFNetwork.framework */ = {isa = PBXFileReference; lastKnownFileType = wrapper.framework; name = CFNetwork.framework; path = System/Library/Frameworks/CFNetwork.framework; sourceTree = SDKROOT; };
		0EAA225C1CAA10520095CE9A /* SystemConfiguration.framework */ = {isa = PBXFileReference; lastKnownFileType = wrapper.framework; name = SystemConfiguration.framework; path = System/Library/Frameworks/SystemConfiguration.framework; sourceTree = SDKROOT; };
		0EAA225E1CAA105A0095CE9A /* CoreTelephony.framework */ = {isa = PBXFileReference; lastKnownFileType = wrapper.framework; name = CoreTelephony.framework; path = System/Library/Frameworks/CoreTelephony.framework; sourceTree = SDKROOT; };
		0EAA22601CAA10610095CE9A /* QuartzCore.framework */ = {isa = PBXFileReference; lastKnownFileType = wrapper.framework; name = QuartzCore.framework; path = System/Library/Frameworks/QuartzCore.framework; sourceTree = SDKROOT; };
		0EAA22621CAA106B0095CE9A /* CoreText.framework */ = {isa = PBXFileReference; lastKnownFileType = wrapper.framework; name = CoreText.framework; path = System/Library/Frameworks/CoreText.framework; sourceTree = SDKROOT; };
		0EAA22641CAA10760095CE9A /* CoreGraphics.framework */ = {isa = PBXFileReference; lastKnownFileType = wrapper.framework; name = CoreGraphics.framework; path = System/Library/Frameworks/CoreGraphics.framework; sourceTree = SDKROOT; };
		0EAA22661CAA107C0095CE9A /* UIKit.framework */ = {isa = PBXFileReference; lastKnownFileType = wrapper.framework; name = UIKit.framework; path = System/Library/Frameworks/UIKit.framework; sourceTree = SDKROOT; };
		0EAA22681CAA10830095CE9A /* Foundation.framework */ = {isa = PBXFileReference; lastKnownFileType = wrapper.framework; name = Foundation.framework; path = System/Library/Frameworks/Foundation.framework; sourceTree = SDKROOT; };
/* End PBXFileReference section */

/* Begin PBXFrameworksBuildPhase section */
		0E962CE71CA8172D00EF3A30 /* Frameworks */ = {
			isa = PBXFrameworksBuildPhase;
			buildActionMask = 2147483647;
			files = (
				0EAA22591CAA10440095CE9A /* CoreMotion.framework in Frameworks */,
				0EAA224C1CAA0ECC0095CE9A /* AlipaySDK.framework in Frameworks */,
				0EAA225F1CAA105A0095CE9A /* CoreTelephony.framework in Frameworks */,
				0EAA22521CAA10000095CE9A /* libcrypto.a in Frameworks */,
				0EAA22531CAA10000095CE9A /* libssl.a in Frameworks */,
			);
			runOnlyForDeploymentPostprocessing = 0;
		};
/* End PBXFrameworksBuildPhase section */

/* Begin PBXGroup section */
		0E5C71041CAA791B0014BDC3 /* openssl */ = {
			isa = PBXGroup;
			children = (
				0E5C71051CAA791B0014BDC3 /* aes.h */,
				0E5C71061CAA791B0014BDC3 /* asn1.h */,
				0E5C71071CAA791B0014BDC3 /* asn1_mac.h */,
				0E5C71081CAA791B0014BDC3 /* asn1t.h */,
				0E5C71091CAA791B0014BDC3 /* bio.h */,
				0E5C710A1CAA791B0014BDC3 /* blowfish.h */,
				0E5C710B1CAA791B0014BDC3 /* bn.h */,
				0E5C710C1CAA791B0014BDC3 /* buffer.h */,
				0E5C710D1CAA791B0014BDC3 /* camellia.h */,
				0E5C710E1CAA791B0014BDC3 /* cast.h */,
				0E5C710F1CAA791B0014BDC3 /* cmac.h */,
				0E5C71101CAA791B0014BDC3 /* cms.h */,
				0E5C71111CAA791B0014BDC3 /* comp.h */,
				0E5C71121CAA791B0014BDC3 /* conf.h */,
				0E5C71131CAA791B0014BDC3 /* conf_api.h */,
				0E5C71141CAA791B0014BDC3 /* crypto.h */,
				0E5C71151CAA791B0014BDC3 /* des.h */,
				0E5C71161CAA791B0014BDC3 /* des_old.h */,
				0E5C71171CAA791B0014BDC3 /* dh.h */,
				0E5C71181CAA791B0014BDC3 /* dsa.h */,
				0E5C71191CAA791B0014BDC3 /* dso.h */,
				0E5C711A1CAA791B0014BDC3 /* dtls1.h */,
				0E5C711B1CAA791B0014BDC3 /* e_os2.h */,
				0E5C711C1CAA791B0014BDC3 /* ebcdic.h */,
				0E5C711D1CAA791B0014BDC3 /* ec.h */,
				0E5C711E1CAA791B0014BDC3 /* ecdh.h */,
				0E5C711F1CAA791B0014BDC3 /* ecdsa.h */,
				0E5C71201CAA791B0014BDC3 /* engine.h */,
				0E5C71211CAA791B0014BDC3 /* err.h */,
				0E5C71221CAA791B0014BDC3 /* evp.h */,
				0E5C71231CAA791B0014BDC3 /* hmac.h */,
				0E5C71241CAA791B0014BDC3 /* idea.h */,
				0E5C71251CAA791B0014BDC3 /* krb5_asn.h */,
				0E5C71261CAA791B0014BDC3 /* kssl.h */,
				0E5C71271CAA791B0014BDC3 /* lhash.h */,
				0E5C71281CAA791B0014BDC3 /* md4.h */,
				0E5C71291CAA791B0014BDC3 /* md5.h */,
				0E5C712A1CAA791B0014BDC3 /* mdc2.h */,
				0E5C712B1CAA791B0014BDC3 /* modes.h */,
				0E5C712C1CAA791B0014BDC3 /* obj_mac.h */,
				0E5C712D1CAA791B0014BDC3 /* objects.h */,
				0E5C712E1CAA791B0014BDC3 /* ocsp.h */,
				0E5C712F1CAA791B0014BDC3 /* opensslconf.h */,
				0E5C71301CAA791B0014BDC3 /* opensslv.h */,
				0E5C71311CAA791B0014BDC3 /* ossl_typ.h */,
				0E5C71321CAA791B0014BDC3 /* pem.h */,
				0E5C71331CAA791B0014BDC3 /* pem2.h */,
				0E5C71341CAA791B0014BDC3 /* pkcs12.h */,
				0E5C71351CAA791B0014BDC3 /* pkcs7.h */,
				0E5C71361CAA791B0014BDC3 /* pqueue.h */,
				0E5C71371CAA791B0014BDC3 /* rand.h */,
				0E5C71381CAA791B0014BDC3 /* rc2.h */,
				0E5C71391CAA791B0014BDC3 /* rc4.h */,
				0E5C713A1CAA791B0014BDC3 /* ripemd.h */,
				0E5C713B1CAA791B0014BDC3 /* rsa.h */,
				0E5C713C1CAA791B0014BDC3 /* safestack.h */,
				0E5C713D1CAA791B0014BDC3 /* seed.h */,
				0E5C713E1CAA791B0014BDC3 /* sha.h */,
				0E5C713F1CAA791B0014BDC3 /* srp.h */,
				0E5C71401CAA791B0014BDC3 /* srtp.h */,
				0E5C71411CAA791B0014BDC3 /* ssl.h */,
				0E5C71421CAA791B0014BDC3 /* ssl2.h */,
				0E5C71431CAA791B0014BDC3 /* ssl23.h */,
				0E5C71441CAA791B0014BDC3 /* ssl3.h */,
				0E5C71451CAA791B0014BDC3 /* stack.h */,
				0E5C71461CAA791B0014BDC3 /* symhacks.h */,
				0E5C71471CAA791B0014BDC3 /* tls1.h */,
				0E5C71481CAA791B0014BDC3 /* ts.h */,
				0E5C71491CAA791B0014BDC3 /* txt_db.h */,
				0E5C714A1CAA791B0014BDC3 /* ui.h */,
				0E5C714B1CAA791B0014BDC3 /* ui_compat.h */,
				0E5C714C1CAA791B0014BDC3 /* whrlpool.h */,
				0E5C714D1CAA791B0014BDC3 /* x509.h */,
				0E5C714E1CAA791B0014BDC3 /* x509_vfy.h */,
				0E5C714F1CAA791B0014BDC3 /* x509v3.h */,
			);
			path = openssl;
			sourceTree = "<group>";
		};
		0E5C71501CAA791B0014BDC3 /* Util */ = {
			isa = PBXGroup;
			children = (
				0E5C71511CAA791B0014BDC3 /* base64.h */,
				0E5C71521CAA791B0014BDC3 /* base64.m */,
				0E5C71531CAA791B0014BDC3 /* config.h */,
				0E5C71541CAA791B0014BDC3 /* DataSigner.h */,
				0E5C71551CAA791B0014BDC3 /* DataSigner.m */,
				0E5C71561CAA791B0014BDC3 /* DataVerifier.h */,
				0E5C71571CAA791B0014BDC3 /* DataVerifier.m */,
				0E5C71581CAA791B0014BDC3 /* MD5DataSigner.h */,
				0E5C71591CAA791B0014BDC3 /* MD5DataSigner.m */,
				0E5C715A1CAA791B0014BDC3 /* NSDataEx.h */,
				0E5C715B1CAA791B0014BDC3 /* NSDataEx.m */,
				0E5C715C1CAA791B0014BDC3 /* openssl_wrapper.h */,
				0E5C715D1CAA791B0014BDC3 /* openssl_wrapper.m */,
				0E5C715E1CAA791B0014BDC3 /* RSADataSigner.h */,
				0E5C715F1CAA791B0014BDC3 /* RSADataSigner.m */,
				0E5C71601CAA791B0014BDC3 /* RSADataVerifier.h */,
				0E5C71611CAA791B0014BDC3 /* RSADataVerifier.m */,
			);
			path = Util;
			sourceTree = "<group>";
		};
		0E6775731CBB8FE5009129DD /* Products */ = {
			isa = PBXGroup;
			children = (
				0E6775771CBB8FE5009129DD /* libopenane.a */,
			);
			name = Products;
			sourceTree = "<group>";
		};
		0E962CE11CA8172D00EF3A30 = {
			isa = PBXGroup;
			children = (
				0E6775721CBB8FE5009129DD /* openane.xcodeproj */,
				0EAA22491CAA0ECC0095CE9A /* libalipay */,
				0E962CEC1CA8172E00EF3A30 /* alipay-ios */,
				0E962CF61CA817FA00EF3A30 /* Frameworks */,
				0E962CEB1CA8172D00EF3A30 /* Products */,
			);
			sourceTree = "<group>";
		};
		0E962CEB1CA8172D00EF3A30 /* Products */ = {
			isa = PBXGroup;
			children = (
				0E962CEA1CA8172D00EF3A30 /* libalipay.a */,
			);
			name = Products;
			sourceTree = "<group>";
		};
		0E962CEC1CA8172E00EF3A30 /* alipay-ios */ = {
			isa = PBXGroup;
			children = (
				0E5C71041CAA791B0014BDC3 /* openssl */,
				0E5C71501CAA791B0014BDC3 /* Util */,
				0E962CED1CA8172E00EF3A30 /* openaneAlipay.h */,
				0E962CEF1CA8172E00EF3A30 /* openaneAlipay.m */,
			);
			path = "alipay-ios";
			sourceTree = "<group>";
		};
		0E962CF61CA817FA00EF3A30 /* Frameworks */ = {
			isa = PBXGroup;
			children = (
				0EAA22681CAA10830095CE9A /* Foundation.framework */,
				0EAA22661CAA107C0095CE9A /* UIKit.framework */,
				0EAA22641CAA10760095CE9A /* CoreGraphics.framework */,
				0EAA22621CAA106B0095CE9A /* CoreText.framework */,
				0EAA22601CAA10610095CE9A /* QuartzCore.framework */,
				0EAA225E1CAA105A0095CE9A /* CoreTelephony.framework */,
				0EAA225C1CAA10520095CE9A /* SystemConfiguration.framework */,
				0EAA225A1CAA10490095CE9A /* CFNetwork.framework */,
				0EAA22581CAA10440095CE9A /* CoreMotion.framework */,
				0EAA22561CAA10330095CE9A /* libc++.tbd */,
				0EAA22541CAA102A0095CE9A /* libz.tbd */,
			);
			name = Frameworks;
			sourceTree = "<group>";
		};
		0EAA22491CAA0ECC0095CE9A /* libalipay */ = {
			isa = PBXGroup;
			children = (
				0EAA22501CAA10000095CE9A /* libcrypto.a */,
				0EAA22511CAA10000095CE9A /* libssl.a */,
				0EAA224A1CAA0ECC0095CE9A /* AlipaySDK.bundle */,
				0EAA224B1CAA0ECC0095CE9A /* AlipaySDK.framework */,
			);
			path = libalipay;
			sourceTree = "<group>";
		};
/* End PBXGroup section */

/* Begin PBXNativeTarget section */
		0E962CE91CA8172D00EF3A30 /* alipay */ = {
			isa = PBXNativeTarget;
			buildConfigurationList = 0E962CF31CA8172E00EF3A30 /* Build configuration list for PBXNativeTarget "alipay" */;
			buildPhases = (
				0E962CE61CA8172D00EF3A30 /* Sources */,
				0E962CE71CA8172D00EF3A30 /* Frameworks */,
				0E5C64F21CBB7571002776E1 /* ShellScript */,
			);
			buildRules = (
			);
			dependencies = (
				0E67757A1CBB9009009129DD /* PBXTargetDependency */,
			);
			name = alipay;
			productName = "alipay-ios";
			productReference = 0E962CEA1CA8172D00EF3A30 /* libalipay.a */;
			productType = "com.apple.product-type.library.static";
		};
/* End PBXNativeTarget section */

/* Begin PBXProject section */
		0E962CE21CA8172D00EF3A30 /* Project object */ = {
			isa = PBXProject;
			attributes = {
				LastUpgradeCheck = 0730;
				ORGANIZATIONNAME = openane;
				TargetAttributes = {
					0E962CE91CA8172D00EF3A30 = {
						CreatedOnToolsVersion = 7.3;
					};
				};
			};
			buildConfigurationList = 0E962CE51CA8172D00EF3A30 /* Build configuration list for PBXProject "alipay-ios" */;
			compatibilityVersion = "Xcode 3.2";
			developmentRegion = English;
			hasScannedForEncodings = 0;
			knownRegions = (
				en,
			);
			mainGroup = 0E962CE11CA8172D00EF3A30;
			productRefGroup = 0E962CEB1CA8172D00EF3A30 /* Products */;
			projectDirPath = "";
			projectReferences = (
				{
					ProductGroup = 0E6775731CBB8FE5009129DD /* Products */;
					ProjectRef = 0E6775721CBB8FE5009129DD /* openane.xcodeproj */;
				},
			);
			projectRoot = "";
			targets = (
				0E962CE91CA8172D00EF3A30 /* alipay */,
			);
		};
/* End PBXProject section */

/* Begin PBXReferenceProxy section */
		0E6775771CBB8FE5009129DD /* libopenane.a */ = {
			isa = PBXReferenceProxy;
			fileType = archive.ar;
			path = libopenane.a;
			remoteRef = 0E6775761CBB8FE5009129DD /* PBXContainerItemProxy */;
			sourceTree = BUILT_PRODUCTS_DIR;
		};
/* End PBXReferenceProxy section */

/* Begin PBXShellScriptBuildPhase section */
		0E5C64F21CBB7571002776E1 /* ShellScript */ = {
			isa = PBXShellScriptBuildPhase;
			buildActionMask = 2147483647;
			files = (
			);
			inputPaths = (
			);
			outputPaths = (
			);
			runOnlyForDeploymentPostprocessing = 0;
			shellPath = /bin/sh;
			shellScript = "echo \"copy libs:\"\nPACKAGER_DIR=$PROJECT_DIR/../${PROJECT_NAME/-ios/-ane}-packager/iPhone-ARM\ncp -rvf $BUILT_PRODUCTS_DIR/*.a $PACKAGER_DIR\ncp -rvf $PROJECT_DIR/libalipay/AlipaySDK.bundle $PACKAGER_DIR\ncp -rvf $PROJECT_DIR/libalipay/AlipaySDK.framework $PACKAGER_DIR";
		};
/* End PBXShellScriptBuildPhase section */

/* Begin PBXSourcesBuildPhase section */
		0E962CE61CA8172D00EF3A30 /* Sources */ = {
			isa = PBXSourcesBuildPhase;
			buildActionMask = 2147483647;
			files = (
				0E5C71691CAA791B0014BDC3 /* RSADataVerifier.m in Sources */,
				0E5C71671CAA791B0014BDC3 /* openssl_wrapper.m in Sources */,
				0E5C71641CAA791B0014BDC3 /* DataVerifier.m in Sources */,
				0E5C71621CAA791B0014BDC3 /* base64.m in Sources */,
				0E5C71661CAA791B0014BDC3 /* NSDataEx.m in Sources */,
				0E5C71631CAA791B0014BDC3 /* DataSigner.m in Sources */,
				0E5C71681CAA791B0014BDC3 /* RSADataSigner.m in Sources */,
				0E5C71651CAA791B0014BDC3 /* MD5DataSigner.m in Sources */,
				0E962CF01CA8172E00EF3A30 /* openaneAlipay.m in Sources */,
			);
			runOnlyForDeploymentPostprocessing = 0;
		};
/* End PBXSourcesBuildPhase section */

/* Begin PBXTargetDependency section */
		0E67757A1CBB9009009129DD /* PBXTargetDependency */ = {
			isa = PBXTargetDependency;
			name = openane;
			targetProxy = 0E6775791CBB9009009129DD /* PBXContainerItemProxy */;
		};
/* End PBXTargetDependency section */

/* Begin XCBuildConfiguration section */
		0E962CF11CA8172E00EF3A30 /* Debug */ = {
			isa = XCBuildConfiguration;
			buildSettings = {
				ALWAYS_SEARCH_USER_PATHS = NO;
				CLANG_ANALYZER_NONNULL = YES;
				CLANG_CXX_LANGUAGE_STANDARD = "gnu++0x";
				CLANG_CXX_LIBRARY = "libc++";
				CLANG_ENABLE_MODULES = YES;
				CLANG_ENABLE_OBJC_ARC = YES;
				CLANG_WARN_BOOL_CONVERSION = YES;
				CLANG_WARN_CONSTANT_CONVERSION = YES;
				CLANG_WARN_DIRECT_OBJC_ISA_USAGE = YES_ERROR;
				CLANG_WARN_EMPTY_BODY = YES;
				CLANG_WARN_ENUM_CONVERSION = YES;
				CLANG_WARN_INT_CONVERSION = YES;
				CLANG_WARN_OBJC_ROOT_CLASS = YES_ERROR;
				CLANG_WARN_UNREACHABLE_CODE = YES;
				CLANG_WARN__DUPLICATE_METHOD_MATCH = YES;
				"CODE_SIGN_IDENTITY[sdk=iphoneos*]" = "iPhone Developer";
				COPY_PHASE_STRIP = NO;
				DEBUG_INFORMATION_FORMAT = dwarf;
				ENABLE_STRICT_OBJC_MSGSEND = YES;
				ENABLE_TESTABILITY = YES;
				GCC_C_LANGUAGE_STANDARD = gnu99;
				GCC_DYNAMIC_NO_PIC = NO;
				GCC_NO_COMMON_BLOCKS = YES;
				GCC_OPTIMIZATION_LEVEL = 0;
				GCC_PREPROCESSOR_DEFINITIONS = (
					"DEBUG=1",
					"$(inherited)",
				);
				GCC_WARN_64_TO_32_BIT_CONVERSION = YES;
				GCC_WARN_ABOUT_RETURN_TYPE = YES_ERROR;
				GCC_WARN_UNDECLARED_SELECTOR = YES;
				GCC_WARN_UNINITIALIZED_AUTOS = YES_AGGRESSIVE;
				GCC_WARN_UNUSED_FUNCTION = YES;
				GCC_WARN_UNUSED_VARIABLE = YES;
				IPHONEOS_DEPLOYMENT_TARGET = 6.0;
				MTL_ENABLE_DEBUG_INFO = YES;
				ONLY_ACTIVE_ARCH = YES;
				SDKROOT = iphoneos;
			};
			name = Debug;
		};
		0E962CF21CA8172E00EF3A30 /* Release */ = {
			isa = XCBuildConfiguration;
			buildSettings = {
				ALWAYS_SEARCH_USER_PATHS = NO;
				CLANG_ANALYZER_NONNULL = YES;
				CLANG_CXX_LANGUAGE_STANDARD = "gnu++0x";
				CLANG_CXX_LIBRARY = "libc++";
				CLANG_ENABLE_MODULES = YES;
				CLANG_ENABLE_OBJC_ARC = YES;
				CLANG_WARN_BOOL_CONVERSION = YES;
				CLANG_WARN_CONSTANT_CONVERSION = YES;
				CLANG_WARN_DIRECT_OBJC_ISA_USAGE = YES_ERROR;
				CLANG_WARN_EMPTY_BODY = YES;
				CLANG_WARN_ENUM_CONVERSION = YES;
				CLANG_WARN_INT_CONVERSION = YES;
				CLANG_WARN_OBJC_ROOT_CLASS = YES_ERROR;
				CLANG_WARN_UNREACHABLE_CODE = YES;
				CLANG_WARN__DUPLICATE_METHOD_MATCH = YES;
				"CODE_SIGN_IDENTITY[sdk=iphoneos*]" = "iPhone Developer";
				COPY_PHASE_STRIP = NO;
				DEBUG_INFORMATION_FORMAT = "dwarf-with-dsym";
				ENABLE_NS_ASSERTIONS = NO;
				ENABLE_STRICT_OBJC_MSGSEND = YES;
				GCC_C_LANGUAGE_STANDARD = gnu99;
				GCC_NO_COMMON_BLOCKS = YES;
				GCC_WARN_64_TO_32_BIT_CONVERSION = YES;
				GCC_WARN_ABOUT_RETURN_TYPE = YES_ERROR;
				GCC_WARN_UNDECLARED_SELECTOR = YES;
				GCC_WARN_UNINITIALIZED_AUTOS = YES_AGGRESSIVE;
				GCC_WARN_UNUSED_FUNCTION = YES;
				GCC_WARN_UNUSED_VARIABLE = YES;
				IPHONEOS_DEPLOYMENT_TARGET = 6.0;
				MTL_ENABLE_DEBUG_INFO = NO;
				SDKROOT = iphoneos;
				VALIDATE_PRODUCT = YES;
			};
			name = Release;
		};
		0E962CF41CA8172E00EF3A30 /* Debug */ = {
			isa = XCBuildConfiguration;
			buildSettings = {
				CLANG_ENABLE_OBJC_ARC = YES;
				FRAMEWORK_SEARCH_PATHS = (
					"$(inherited)",
					"$(PROJECT_DIR)/libalipay",
				);
				HEADER_SEARCH_PATHS = (
					"$(inherited)",
					"$(SRCROOT)/alipay-ios",
					"../../openane/openane-ios/openane",
				);
				LIBRARY_SEARCH_PATHS = (
					"$(inherited)",
					"$(PROJECT_DIR)/libalipay",
				);
				OTHER_LDFLAGS = (
					"-ObjC",
					"-lc++",
					"-lz",
				);
				PRODUCT_NAME = "$(TARGET_NAME)";
				SKIP_INSTALL = YES;
			};
			name = Debug;
		};
		0E962CF51CA8172E00EF3A30 /* Release */ = {
			isa = XCBuildConfiguration;
			buildSettings = {
				CLANG_ENABLE_OBJC_ARC = YES;
				FRAMEWORK_SEARCH_PATHS = (
					"$(inherited)",
					"$(PROJECT_DIR)/libalipay",
				);
				HEADER_SEARCH_PATHS = (
					"$(inherited)",
					"$(SRCROOT)/alipay-ios",
					"../../openane/openane-ios/openane",
				);
				LIBRARY_SEARCH_PATHS = (
					"$(inherited)",
					"$(PROJECT_DIR)/libalipay",
				);
				OTHER_LDFLAGS = (
					"-ObjC",
					"-lc++",
					"-lz",
				);
				PRODUCT_NAME = "$(TARGET_NAME)";
				SKIP_INSTALL = YES;
			};
			name = Release;
		};
/* End XCBuildConfiguration section */

/* Begin XCConfigurationList section */
		0E962CE51CA8172D00EF3A30 /* Build configuration list for PBXProject "alipay-ios" */ = {
			isa = XCConfigurationList;
			buildConfigurations = (
				0E962CF11CA8172E00EF3A30 /* Debug */,
				0E962CF21CA8172E00EF3A30 /* Release */,
			);
			defaultConfigurationIsVisible = 0;
			defaultConfigurationName = Release;
		};
		0E962CF31CA8172E00EF3A30 /* Build configuration list for PBXNativeTarget "alipay" */ = {
			isa = XCConfigurationList;
			buildConfigurations = (
				0E962CF41CA8172E00EF3A30 /* Debug */,
				0E962CF51CA8172E00EF3A30 /* Release */,
			);
			defaultConfigurationIsVisible = 0;
			defaultConfigurationName = Release;
		};
/* End XCConfigurationList section */
	};
	rootObject = 0E962CE21CA8172D00EF3A30 /* Project object */;
}
