// !$*UTF8*$!
{
	archiveVersion = 1;
	classes = {
	};
	objectVersion = 46;
	objects = {

/* Begin PBXBuildFile section */
		0E5C71971CABCDB20014BDC3 /* openaneWeChat.m in Sources */ = {isa = PBXBuildFile; fileRef = 0E5C71961CABCDB20014BDC3 /* openaneWeChat.m */; };
		0E5C71A31CABCEFC0014BDC3 /* libWeChatSDK.a in Frameworks */ = {isa = PBXBuildFile; fileRef = 0E5C719E1CABCEFC0014BDC3 /* libWeChatSDK.a */; };
		0E5C71AC1CAC11780014BDC3 /* Security.framework in Frameworks */ = {isa = PBXBuildFile; fileRef = 0E5C71AB1CAC11780014BDC3 /* Security.framework */; };
		0E5C71AE1CAC117D0014BDC3 /* UIKit.framework in Frameworks */ = {isa = PBXBuildFile; fileRef = 0E5C71AD1CAC117D0014BDC3 /* UIKit.framework */; };
		0E5C71B11CAC13EE0014BDC3 /* CoreTelephony.framework in Frameworks */ = {isa = PBXBuildFile; fileRef = 0E5C71B01CAC13EE0014BDC3 /* CoreTelephony.framework */; };
/* End PBXBuildFile section */

/* Begin PBXContainerItemProxy section */
		0E5C64FB1CBB786E002776E1 /* PBXContainerItemProxy */ = {
			isa = PBXContainerItemProxy;
			containerPortal = 0E5C71D51CACFF0D0014BDC3 /* openane.xcodeproj */;
			proxyType = 1;
			remoteGlobalIDString = 0E5C71BF1CACF54B0014BDC3;
			remoteInfo = openane;
		};
		0E5C71D91CACFF0D0014BDC3 /* PBXContainerItemProxy */ = {
			isa = PBXContainerItemProxy;
			containerPortal = 0E5C71D51CACFF0D0014BDC3 /* openane.xcodeproj */;
			proxyType = 2;
			remoteGlobalIDString = 0E5C71C01CACF54B0014BDC3;
			remoteInfo = openane;
		};
/* End PBXContainerItemProxy section */

/* Begin PBXFileReference section */
		0E5C71911CABCDB20014BDC3 /* libwechat.a */ = {isa = PBXFileReference; explicitFileType = archive.ar; includeInIndex = 0; path = libwechat.a; sourceTree = BUILT_PRODUCTS_DIR; };
		0E5C71941CABCDB20014BDC3 /* openaneWeChat.h */ = {isa = PBXFileReference; lastKnownFileType = sourcecode.c.h; path = openaneWeChat.h; sourceTree = "<group>"; };
		0E5C71961CABCDB20014BDC3 /* openaneWeChat.m */ = {isa = PBXFileReference; lastKnownFileType = sourcecode.c.objc; path = openaneWeChat.m; sourceTree = "<group>"; };
		0E5C719E1CABCEFC0014BDC3 /* libWeChatSDK.a */ = {isa = PBXFileReference; lastKnownFileType = archive.ar; path = libWeChatSDK.a; sourceTree = "<group>"; };
		0E5C71A01CABCEFC0014BDC3 /* WechatAuthSDK.h */ = {isa = PBXFileReference; fileEncoding = 4; lastKnownFileType = sourcecode.c.h; path = WechatAuthSDK.h; sourceTree = "<group>"; };
		0E5C71A11CABCEFC0014BDC3 /* WXApi.h */ = {isa = PBXFileReference; fileEncoding = 4; lastKnownFileType = sourcecode.c.h; path = WXApi.h; sourceTree = "<group>"; };
		0E5C71A21CABCEFC0014BDC3 /* WXApiObject.h */ = {isa = PBXFileReference; fileEncoding = 4; lastKnownFileType = sourcecode.c.h; path = WXApiObject.h; sourceTree = "<group>"; };
		0E5C71AB1CAC11780014BDC3 /* Security.framework */ = {isa = PBXFileReference; lastKnownFileType = wrapper.framework; name = Security.framework; path = System/Library/Frameworks/Security.framework; sourceTree = SDKROOT; };
		0E5C71AD1CAC117D0014BDC3 /* UIKit.framework */ = {isa = PBXFileReference; lastKnownFileType = wrapper.framework; name = UIKit.framework; path = System/Library/Frameworks/UIKit.framework; sourceTree = SDKROOT; };
		0E5C71B01CAC13EE0014BDC3 /* CoreTelephony.framework */ = {isa = PBXFileReference; lastKnownFileType = wrapper.framework; name = CoreTelephony.framework; path = System/Library/Frameworks/CoreTelephony.framework; sourceTree = SDKROOT; };
		0E5C71D51CACFF0D0014BDC3 /* openane.xcodeproj */ = {isa = PBXFileReference; lastKnownFileType = "wrapper.pb-project"; name = openane.xcodeproj; path = ../../openane/openane.xcodeproj; sourceTree = "<group>"; };
/* End PBXFileReference section */

/* Begin PBXFrameworksBuildPhase section */
		0E5C718E1CABCDB20014BDC3 /* Frameworks */ = {
			isa = PBXFrameworksBuildPhase;
			buildActionMask = 2147483647;
			files = (
				0E5C71B11CAC13EE0014BDC3 /* CoreTelephony.framework in Frameworks */,
				0E5C71AE1CAC117D0014BDC3 /* UIKit.framework in Frameworks */,
				0E5C71AC1CAC11780014BDC3 /* Security.framework in Frameworks */,
				0E5C71A31CABCEFC0014BDC3 /* libWeChatSDK.a in Frameworks */,
			);
			runOnlyForDeploymentPostprocessing = 0;
		};
/* End PBXFrameworksBuildPhase section */

/* Begin PBXGroup section */
		0E5C71881CABCDB20014BDC3 = {
			isa = PBXGroup;
			children = (
				0E5C71D51CACFF0D0014BDC3 /* openane.xcodeproj */,
				0E5C719D1CABCEFC0014BDC3 /* wechat-sdk */,
				0E5C71931CABCDB20014BDC3 /* wechat-ios */,
				0E5C71AA1CAC11520014BDC3 /* Frameworks */,
				0E5C71921CABCDB20014BDC3 /* Products */,
			);
			sourceTree = "<group>";
		};
		0E5C71921CABCDB20014BDC3 /* Products */ = {
			isa = PBXGroup;
			children = (
				0E5C71911CABCDB20014BDC3 /* libwechat.a */,
			);
			name = Products;
			sourceTree = "<group>";
		};
		0E5C71931CABCDB20014BDC3 /* wechat-ios */ = {
			isa = PBXGroup;
			children = (
				0E5C71941CABCDB20014BDC3 /* openaneWeChat.h */,
				0E5C71961CABCDB20014BDC3 /* openaneWeChat.m */,
			);
			path = "wechat-ios";
			sourceTree = "<group>";
		};
		0E5C719D1CABCEFC0014BDC3 /* wechat-sdk */ = {
			isa = PBXGroup;
			children = (
				0E5C719E1CABCEFC0014BDC3 /* libWeChatSDK.a */,
				0E5C71A01CABCEFC0014BDC3 /* WechatAuthSDK.h */,
				0E5C71A11CABCEFC0014BDC3 /* WXApi.h */,
				0E5C71A21CABCEFC0014BDC3 /* WXApiObject.h */,
			);
			path = "wechat-sdk";
			sourceTree = "<group>";
		};
		0E5C71AA1CAC11520014BDC3 /* Frameworks */ = {
			isa = PBXGroup;
			children = (
				0E5C71B01CAC13EE0014BDC3 /* CoreTelephony.framework */,
				0E5C71AD1CAC117D0014BDC3 /* UIKit.framework */,
				0E5C71AB1CAC11780014BDC3 /* Security.framework */,
			);
			name = Frameworks;
			sourceTree = "<group>";
		};
		0E5C71D61CACFF0D0014BDC3 /* Products */ = {
			isa = PBXGroup;
			children = (
				0E5C71DA1CACFF0D0014BDC3 /* libopenane.a */,
			);
			name = Products;
			sourceTree = "<group>";
		};
/* End PBXGroup section */

/* Begin PBXNativeTarget section */
		0E5C71901CABCDB20014BDC3 /* wechat */ = {
			isa = PBXNativeTarget;
			buildConfigurationList = 0E5C719A1CABCDB20014BDC3 /* Build configuration list for PBXNativeTarget "wechat" */;
			buildPhases = (
				0E5C718D1CABCDB20014BDC3 /* Sources */,
				0E5C718E1CABCDB20014BDC3 /* Frameworks */,
				0E5C64FD1CBB7871002776E1 /* ShellScript */,
			);
			buildRules = (
			);
			dependencies = (
				0E5C64FC1CBB786E002776E1 /* PBXTargetDependency */,
			);
			name = wechat;
			productName = "wechat-ios";
			productReference = 0E5C71911CABCDB20014BDC3 /* libwechat.a */;
			productType = "com.apple.product-type.library.static";
		};
/* End PBXNativeTarget section */

/* Begin PBXProject section */
		0E5C71891CABCDB20014BDC3 /* Project object */ = {
			isa = PBXProject;
			attributes = {
				LastUpgradeCheck = 0730;
				ORGANIZATIONNAME = openane;
				TargetAttributes = {
					0E5C71901CABCDB20014BDC3 = {
						CreatedOnToolsVersion = 7.3;
					};
				};
			};
			buildConfigurationList = 0E5C718C1CABCDB20014BDC3 /* Build configuration list for PBXProject "wechat-ios" */;
			compatibilityVersion = "Xcode 3.2";
			developmentRegion = English;
			hasScannedForEncodings = 0;
			knownRegions = (
				en,
			);
			mainGroup = 0E5C71881CABCDB20014BDC3;
			productRefGroup = 0E5C71921CABCDB20014BDC3 /* Products */;
			projectDirPath = "";
			projectReferences = (
				{
					ProductGroup = 0E5C71D61CACFF0D0014BDC3 /* Products */;
					ProjectRef = 0E5C71D51CACFF0D0014BDC3 /* openane.xcodeproj */;
				},
			);
			projectRoot = "";
			targets = (
				0E5C71901CABCDB20014BDC3 /* wechat */,
			);
		};
/* End PBXProject section */

/* Begin PBXReferenceProxy section */
		0E5C71DA1CACFF0D0014BDC3 /* libopenane.a */ = {
			isa = PBXReferenceProxy;
			fileType = archive.ar;
			path = libopenane.a;
			remoteRef = 0E5C71D91CACFF0D0014BDC3 /* PBXContainerItemProxy */;
			sourceTree = BUILT_PRODUCTS_DIR;
		};
/* End PBXReferenceProxy section */

/* Begin PBXShellScriptBuildPhase section */
		0E5C64FD1CBB7871002776E1 /* ShellScript */ = {
			isa = PBXShellScriptBuildPhase;
			buildActionMask = 2147483647;
			files = (
			);
			inputPaths = (
			);
			outputPaths = (
			);
			runOnlyForDeploymentPostprocessing = 0;
			shellPath = /bin/sh;
			shellScript = "echo \"copy libs:\"\nPACKAGER_DIR=$PROJECT_DIR/../${PROJECT_NAME/-ios/-ane}-packager/iPhone-ARM\ncp -rvf $BUILT_PRODUCTS_DIR/*.a $PACKAGER_DIR";
		};
/* End PBXShellScriptBuildPhase section */

/* Begin PBXSourcesBuildPhase section */
		0E5C718D1CABCDB20014BDC3 /* Sources */ = {
			isa = PBXSourcesBuildPhase;
			buildActionMask = 2147483647;
			files = (
				0E5C71971CABCDB20014BDC3 /* openaneWeChat.m in Sources */,
			);
			runOnlyForDeploymentPostprocessing = 0;
		};
/* End PBXSourcesBuildPhase section */

/* Begin PBXTargetDependency section */
		0E5C64FC1CBB786E002776E1 /* PBXTargetDependency */ = {
			isa = PBXTargetDependency;
			name = openane;
			targetProxy = 0E5C64FB1CBB786E002776E1 /* PBXContainerItemProxy */;
		};
/* End PBXTargetDependency section */

/* Begin XCBuildConfiguration section */
		0E5C71981CABCDB20014BDC3 /* Debug */ = {
			isa = XCBuildConfiguration;
			buildSettings = {
				ALWAYS_SEARCH_USER_PATHS = NO;
				CLANG_ANALYZER_NONNULL = YES;
				CLANG_CXX_LANGUAGE_STANDARD = "gnu++0x";
				CLANG_CXX_LIBRARY = "libc++";
				CLANG_ENABLE_MODULES = YES;
				CLANG_ENABLE_OBJC_ARC = YES;
				CLANG_WARN_BOOL_CONVERSION = YES;
				CLANG_WARN_CONSTANT_CONVERSION = YES;
				CLANG_WARN_DIRECT_OBJC_ISA_USAGE = YES_ERROR;
				CLANG_WARN_EMPTY_BODY = YES;
				CLANG_WARN_ENUM_CONVERSION = YES;
				CLANG_WARN_INT_CONVERSION = YES;
				CLANG_WARN_OBJC_ROOT_CLASS = YES_ERROR;
				CLANG_WARN_UNREACHABLE_CODE = YES;
				CLANG_WARN__DUPLICATE_METHOD_MATCH = YES;
				"CODE_SIGN_IDENTITY[sdk=iphoneos*]" = "iPhone Developer";
				COPY_PHASE_STRIP = NO;
				DEBUG_INFORMATION_FORMAT = dwarf;
				ENABLE_STRICT_OBJC_MSGSEND = YES;
				ENABLE_TESTABILITY = YES;
				GCC_C_LANGUAGE_STANDARD = gnu99;
				GCC_DYNAMIC_NO_PIC = NO;
				GCC_NO_COMMON_BLOCKS = YES;
				GCC_OPTIMIZATION_LEVEL = 0;
				GCC_PREPROCESSOR_DEFINITIONS = (
					"DEBUG=1",
					"$(inherited)",
				);
				GCC_WARN_64_TO_32_BIT_CONVERSION = YES;
				GCC_WARN_ABOUT_RETURN_TYPE = YES_ERROR;
				GCC_WARN_UNDECLARED_SELECTOR = YES;
				GCC_WARN_UNINITIALIZED_AUTOS = YES_AGGRESSIVE;
				GCC_WARN_UNUSED_FUNCTION = YES;
				GCC_WARN_UNUSED_VARIABLE = YES;
				IPHONEOS_DEPLOYMENT_TARGET = 6.0;
				MTL_ENABLE_DEBUG_INFO = YES;
				ONLY_ACTIVE_ARCH = YES;
				SDKROOT = iphoneos;
			};
			name = Debug;
		};
		0E5C71991CABCDB20014BDC3 /* Release */ = {
			isa = XCBuildConfiguration;
			buildSettings = {
				ALWAYS_SEARCH_USER_PATHS = NO;
				CLANG_ANALYZER_NONNULL = YES;
				CLANG_CXX_LANGUAGE_STANDARD = "gnu++0x";
				CLANG_CXX_LIBRARY = "libc++";
				CLANG_ENABLE_MODULES = YES;
				CLANG_ENABLE_OBJC_ARC = YES;
				CLANG_WARN_BOOL_CONVERSION = YES;
				CLANG_WARN_CONSTANT_CONVERSION = YES;
				CLANG_WARN_DIRECT_OBJC_ISA_USAGE = YES_ERROR;
				CLANG_WARN_EMPTY_BODY = YES;
				CLANG_WARN_ENUM_CONVERSION = YES;
				CLANG_WARN_INT_CONVERSION = YES;
				CLANG_WARN_OBJC_ROOT_CLASS = YES_ERROR;
				CLANG_WARN_UNREACHABLE_CODE = YES;
				CLANG_WARN__DUPLICATE_METHOD_MATCH = YES;
				"CODE_SIGN_IDENTITY[sdk=iphoneos*]" = "iPhone Developer";
				COPY_PHASE_STRIP = NO;
				DEBUG_INFORMATION_FORMAT = "dwarf-with-dsym";
				ENABLE_NS_ASSERTIONS = NO;
				ENABLE_STRICT_OBJC_MSGSEND = YES;
				GCC_C_LANGUAGE_STANDARD = gnu99;
				GCC_NO_COMMON_BLOCKS = YES;
				GCC_WARN_64_TO_32_BIT_CONVERSION = YES;
				GCC_WARN_ABOUT_RETURN_TYPE = YES_ERROR;
				GCC_WARN_UNDECLARED_SELECTOR = YES;
				GCC_WARN_UNINITIALIZED_AUTOS = YES_AGGRESSIVE;
				GCC_WARN_UNUSED_FUNCTION = YES;
				GCC_WARN_UNUSED_VARIABLE = YES;
				IPHONEOS_DEPLOYMENT_TARGET = 6.0;
				MTL_ENABLE_DEBUG_INFO = NO;
				SDKROOT = iphoneos;
				VALIDATE_PRODUCT = YES;
			};
			name = Release;
		};
		0E5C719B1CABCDB20014BDC3 /* Debug */ = {
			isa = XCBuildConfiguration;
			buildSettings = {
				ARCHS = "$(ARCHS_STANDARD)";
				HEADER_SEARCH_PATHS = ../../openane/openane;
				LIBRARY_SEARCH_PATHS = (
					"$(inherited)",
					"$(PROJECT_DIR)/wechat-sdk",
				);
				OTHER_LDFLAGS = "-ObjC";
				PRODUCT_NAME = "$(TARGET_NAME)";
				SKIP_INSTALL = YES;
			};
			name = Debug;
		};
		0E5C719C1CABCDB20014BDC3 /* Release */ = {
			isa = XCBuildConfiguration;
			buildSettings = {
				ARCHS = "$(ARCHS_STANDARD)";
				HEADER_SEARCH_PATHS = ../../openane/openane;
				LIBRARY_SEARCH_PATHS = (
					"$(inherited)",
					"$(PROJECT_DIR)/wechat-sdk",
				);
				OTHER_LDFLAGS = "-ObjC";
				PRODUCT_NAME = "$(TARGET_NAME)";
				SKIP_INSTALL = YES;
			};
			name = Release;
		};
/* End XCBuildConfiguration section */

/* Begin XCConfigurationList section */
		0E5C718C1CABCDB20014BDC3 /* Build configuration list for PBXProject "wechat-ios" */ = {
			isa = XCConfigurationList;
			buildConfigurations = (
				0E5C71981CABCDB20014BDC3 /* Debug */,
				0E5C71991CABCDB20014BDC3 /* Release */,
			);
			defaultConfigurationIsVisible = 0;
			defaultConfigurationName = Release;
		};
		0E5C719A1CABCDB20014BDC3 /* Build configuration list for PBXNativeTarget "wechat" */ = {
			isa = XCConfigurationList;
			buildConfigurations = (
				0E5C719B1CABCDB20014BDC3 /* Debug */,
				0E5C719C1CABCDB20014BDC3 /* Release */,
			);
			defaultConfigurationIsVisible = 0;
			defaultConfigurationName = Release;
		};
/* End XCConfigurationList section */
	};
	rootObject = 0E5C71891CABCDB20014BDC3 /* Project object */;
}
